<?xml version="1.0" encoding="utf-8"?>
<Project ToolsVersion="4.0" xmlns="http://schemas.microsoft.com/developer/msbuild/2003">
  <ItemGroup>
    <Filter Include="소스 파일">
      <UniqueIdentifier>{4FC737F1-C7A5-4376-A066-2A32D752A2FF}</UniqueIdentifier>
      <Extensions>cpp;c;cc;cxx;c++;cppm;ixx;def;odl;idl;hpj;bat;asm;asmx</Extensions>
    </Filter>
    <Filter Include="헤더 파일">
      <UniqueIdentifier>{93995380-89BD-4b04-88EB-625FBE52EBFB}</UniqueIdentifier>
      <Extensions>h;hh;hpp;hxx;h++;hm;inl;inc;ipp;xsd</Extensions>
    </Filter>
    <Filter Include="리소스 파일">
      <UniqueIdentifier>{67DA6AB6-F800-4c08-8B7A-83BB121AAD01}</UniqueIdentifier>
      <Extensions>rc;ico;cur;bmp;dlg;rc2;rct;bin;rgs;gif;jpg;jpeg;jpe;resx;tiff;tif;png;wav;mfcribbon-ms</Extensions>
    </Filter>
  </ItemGroup>
  <ItemGroup>
    <ClCompile Include="Example\Parabola\Parabola2D.cpp">
      <Filter>소스 파일</Filter>
    </ClCompile>
    <ClCompile Include="Framework\Framework.cpp">
      <Filter>소스 파일</Filter>
    </ClCompile>
    <ClCompile Include="Framework\Framework_Based.cpp">
      <Filter>소스 파일</Filter>
    </ClCompile>
    <ClCompile Include="Framework\Framework_Drags.cpp">
      <Filter>소스 파일</Filter>
    </ClCompile>
    <ClCompile Include="Framework\Framework_ShaderLoader.cpp">
      <Filter>소스 파일</Filter>
    </ClCompile>
    <ClCompile Include="Util\Utils.cpp">
      <Filter>소스 파일</Filter>
    </ClCompile>
    <ClCompile Include="main.cpp">
      <Filter>소스 파일</Filter>
    </ClCompile>
    <ClCompile Include="Example\FieldOfView\FieldOfView2D.cpp">
      <Filter>소스 파일</Filter>
    </ClCompile>
    <ClCompile Include="Example\SDFs\SDFs2D.cpp">
      <Filter>소스 파일</Filter>
    </ClCompile>
    <ClCompile Include="Framework\Framework_GridShaders.cpp">
      <Filter>소스 파일</Filter>
    </ClCompile>
  </ItemGroup>
  <ItemGroup>
    <ClInclude Include="Example\Parabola\Parabola2D.h">
      <Filter>헤더 파일</Filter>
    </ClInclude>
    <ClInclude Include="Framework\Framework.h">
      <Filter>헤더 파일</Filter>
    </ClInclude>
    <ClInclude Include="Framework\Framework_Based.h">
      <Filter>헤더 파일</Filter>
    </ClInclude>
    <ClInclude Include="Framework\Framework_Drags.h">
      <Filter>헤더 파일</Filter>
    </ClInclude>
    <ClInclude Include="Framework\Framework_ShaderLoader.h">
      <Filter>헤더 파일</Filter>
    </ClInclude>
    <ClInclude Include="Util\Utils.h">
      <Filter>헤더 파일</Filter>
    </ClInclude>
    <ClInclude Include="Example\FieldOfView\FieldOfView2D.h">
      <Filter>헤더 파일</Filter>
    </ClInclude>
    <ClInclude Include="Example\SDFs\SDFs2D.h">
      <Filter>헤더 파일</Filter>
    </ClInclude>
    <ClInclude Include="Framework\Framework_GridShaders.h">
      <Filter>헤더 파일</Filter>
    </ClInclude>
  </ItemGroup>
  <ItemGroup>
    <None Include="Example\Parabola\shader.frag" />
    <None Include="Example\Parabola\shader.vert" />
    <None Include="Example\FieldOfView\shader.vert" />
    <None Include="Example\FieldOfView\shader.frag" />
    <None Include="Example\SDFs\shader_Based.vert" />
    <None Include="Example\SDFs\shader_Based.frag" />
    <None Include="Example\SDFs\shader_Color.frag" />
    <None Include="Example\SDFs\shader_Color.vert" />
    <None Include="Example\SDFs\shader_00_Based.frag" />
    <None Include="Example\SDFs\shader_00_Based.vert" />
    <None Include="Example\SDFs\shader_01_Color.frag" />
    <None Include="Example\SDFs\shader_01_Color.vert" />
    <None Include="Example\SDFs\shader_02_Length.frag" />
    <None Include="Example\SDFs\shader_02_Length.vert" />
    <None Include="Example\SDFs\shader_03_Step.vert" />
    <None Include="Example\SDFs\shader_03_Step.frag" />
    <None Include="Example\SDFs\shader_04_StepColor.frag" />
    <None Include="Example\SDFs\shader_04_StepColor.vert" />
    <None Include="Example\SDFs\shader_05_Fract.frag" />
    <None Include="Example\SDFs\shader_05_Fract.vert" />
    <None Include="Example\SDFs\shader_06_Iteration.frag" />
    <None Include="Example\SDFs\shader_06_Iteration.vert" />
    <None Include="Example\SDFs\shader_08_Pow.vert" />
    <None Include="Example\SDFs\shader_07_Exp.frag" />
    <None Include="Example\SDFs\shader_07_Exp.vert" />
    <None Include="Example\SDFs\shader_08_Pow.frag" />
  </ItemGroup>
</Project>